
Microsoft Visual Studio Solution File, Format Version 12.00
# Visual Studio Version 16
VisualStudioVersion = 16.0.30907.101
MinimumVisualStudioVersion = 10.0.40219.1
Project("{FAE04EC0-301F-11D3-BF4B-00C04F79EFBC}") = "CBFitness.BL", "CBFitness.BL\CBFitness.BL.csproj", "{8D8D578C-F988-4A65-9F50-1D1EEF431701}"
EndProject
Project("{FAE04EC0-301F-11D3-BF4B-00C04F79EFBC}") = "CBFitness.CMD", "CBFitness.CMD\CBFitness.CMD.csproj", "{1CED1A14-8994-4FD1-9448-0EEFAF84AB6B}"
EndProject
Project("{FAE04EC0-301F-11D3-BF4B-00C04F79EFBC}") = "CBFitness.BLTests", "CBFitness.BLTests\CBFitness.BLTests.csproj", "{7DD5A827-190E-4626-850B-C08BBE30DB60}"
EndProject
Global
	GlobalSection(SolutionConfigurationPlatforms) = preSolution
		Debug|Any CPU = Debug|Any CPU
		Release|Any CPU = Release|Any CPU
	EndGlobalSection
	GlobalSection(ProjectConfigurationPlatforms) = postSolution
		{8D8D578C-F988-4A65-9F50-1D1EEF431701}.Debug|Any CPU.ActiveCfg = Debug|Any CPU
		{8D8D578C-F988-4A65-9F50-1D1EEF431701}.Debug|Any CPU.Build.0 = Debug|Any CPU
		{8D8D578C-F988-4A65-9F50-1D1EEF431701}.Release|Any CPU.ActiveCfg = Release|Any CPU
		{8D8D578C-F988-4A65-9F50-1D1EEF431701}.Release|Any CPU.Build.0 = Release|Any CPU
		{1CED1A14-8994-4FD1-9448-0EEFAF84AB6B}.Debug|Any CPU.ActiveCfg = Debug|Any CPU
		{1CED1A14-8994-4FD1-9448-0EEFAF84AB6B}.Debug|Any CPU.Build.0 = Debug|Any CPU
		{1CED1A14-8994-4FD1-9448-0EEFAF84AB6B}.Release|Any CPU.ActiveCfg = Release|Any CPU
		{1CED1A14-8994-4FD1-9448-0EEFAF84AB6B}.Release|Any CPU.Build.0 = Release|Any CPU
		{7DD5A827-190E-4626-850B-C08BBE30DB60}.Debug|Any CPU.ActiveCfg = Debug|Any CPU
		{7DD5A827-190E-4626-850B-C08BBE30DB60}.Debug|Any CPU.Build.0 = Debug|Any CPU
		{7DD5A827-190E-4626-850B-C08BBE30DB60}.Release|Any CPU.ActiveCfg = Release|Any CPU
		{7DD5A827-190E-4626-850B-C08BBE30DB60}.Release|Any CPU.Build.0 = Release|Any CPU
	EndGlobalSection
	GlobalSection(SolutionProperties) = preSolution
		HideSolutionNode = FALSE
	EndGlobalSection
	GlobalSection(ExtensibilityGlobals) = postSolution
		SolutionGuid = {88FE789D-7383-47AD-AC6B-D99A0DD01AB5}
	EndGlobalSection
EndGlobal
